[[package]]
category = "dev"
description = "A small Python module for determining appropriate platform-specific dirs, e.g. a \"user data dir\"."
name = "appdirs"
optional = false
python-versions = "*"
version = "1.4.3"

[[package]]
category = "dev"
description = "Disable App Nap on OS X 10.9"
marker = "python_version >= \"3.4\" and sys_platform == \"darwin\" or sys_platform == \"darwin\""
name = "appnope"
optional = false
python-versions = "*"
version = "0.1.0"

[[package]]
category = "dev"
description = "Atomic file writes."
name = "atomicwrites"
optional = false
python-versions = ">=2.7, !=3.0.*, !=3.1.*, !=3.2.*, !=3.3.*"
version = "1.3.0"

[[package]]
category = "dev"
description = "Classes Without Boilerplate"
name = "attrs"
optional = false
python-versions = ">=2.7, !=3.0.*, !=3.1.*, !=3.2.*, !=3.3.*"
version = "19.1.0"

[[package]]
category = "dev"
description = "A tool that automatically formats Python code to conform to the PEP 8 style guide"
name = "autopep8"
optional = false
python-versions = "*"
version = "1.4.4"

[package.dependencies]
pycodestyle = ">=2.4.0"

[[package]]
category = "dev"
description = "Specifications for callback functions passed in to an API"
name = "backcall"
optional = false
python-versions = "*"
version = "0.1.0"

[[package]]
category = "main"
description = "Screen-scraping library"
name = "beautifulsoup4"
optional = false
python-versions = "*"
version = "4.7.1"

[package.dependencies]
soupsieve = ">=1.2"

[[package]]
category = "dev"
description = "The uncompromising code formatter."
name = "black"
optional = false
python-versions = ">=3.6"
version = "18.9b0"

[package.dependencies]
appdirs = "*"
attrs = ">=17.4.0"
click = ">=6.5"
toml = ">=0.9.4"

[[package]]
category = "main"
description = "Dummy package for Beautiful Soup"
name = "bs4"
optional = false
python-versions = "*"
version = "0.0.1"

[package.dependencies]
beautifulsoup4 = "*"

[[package]]
category = "main"
description = "Extensible memoizing collections and decorators"
name = "cachetools"
optional = false
python-versions = "*"
version = "3.1.1"

[[package]]
category = "main"
description = "Python package for providing Mozilla's CA Bundle."
name = "certifi"
optional = false
python-versions = "*"
version = "2019.6.16"

[[package]]
category = "main"
description = "Universal encoding detector for Python 2 and 3"
name = "chardet"
optional = false
python-versions = "*"
version = "3.0.4"

[[package]]
category = "dev"
description = "Composable command line interface toolkit"
name = "click"
optional = false
python-versions = ">=2.7, !=3.0.*, !=3.1.*, !=3.2.*, !=3.3.*"
version = "7.0"

[[package]]
category = "dev"
description = "Cross-platform colored terminal text."
marker = "python_version >= \"3.4\" and sys_platform == \"win32\" or sys_platform == \"win32\""
name = "colorama"
optional = false
python-versions = ">=2.7, !=3.0.*, !=3.1.*, !=3.2.*, !=3.3.*"
version = "0.4.1"

[[package]]
category = "dev"
description = "Better living through Python with decorators"
name = "decorator"
optional = false
python-versions = ">=2.6, !=3.0.*, !=3.1.*"
version = "4.4.0"

[[package]]
category = "dev"
description = "Discover and load entry points from installed packages."
name = "entrypoints"
optional = false
python-versions = ">=2.7"
version = "0.3"

[[package]]
category = "dev"
description = "the modular source code checker: pep8, pyflakes and co"
name = "flake8"
optional = false
python-versions = ">=2.7, !=3.0.*, !=3.1.*, !=3.2.*, !=3.3.*"
version = "3.7.8"

[package.dependencies]
entrypoints = ">=0.3.0,<0.4.0"
mccabe = ">=0.6.0,<0.7.0"
pycodestyle = ">=2.5.0,<2.6.0"
pyflakes = ">=2.1.0,<2.2.0"

[[package]]
category = "main"
description = "Google API Client Library for Python"
name = "google-api-python-client"
optional = false
python-versions = ">=2.7,!=3.0.*,!=3.1.*,!=3.2.*,!=3.3.*"
version = "1.7.9"

[package.dependencies]
google-auth = ">=1.4.1"
google-auth-httplib2 = ">=0.0.3"
httplib2 = ">=0.9.2,<1dev"
six = ">=1.6.1,<2dev"
uritemplate = ">=3.0.0,<4dev"

[[package]]
category = "main"
description = "Google Authentication Library"
name = "google-auth"
optional = false
python-versions = ">=2.7,!=3.0.*,!=3.1.*,!=3.2.*,!=3.3.*"
version = "1.6.3"

[package.dependencies]
cachetools = ">=2.0.0"
pyasn1-modules = ">=0.2.1"
rsa = ">=3.1.4"
six = ">=1.9.0"

[[package]]
category = "main"
description = "Google Authentication Library: httplib2 transport"
name = "google-auth-httplib2"
optional = false
python-versions = "*"
version = "0.0.3"

[package.dependencies]
google-auth = "*"
httplib2 = ">=0.9.1"

[[package]]
category = "main"
description = "Google Authentication Library"
name = "google-auth-oauthlib"
optional = false
python-versions = "*"
version = "0.4.0"

[package.dependencies]
google-auth = "*"
requests-oauthlib = ">=0.7.0"

[[package]]
category = "main"
description = "A comprehensive HTTP client library."
name = "httplib2"
optional = false
python-versions = "*"
version = "0.13.0"

[[package]]
category = "main"
description = "Internationalized Domain Names in Applications (IDNA)"
name = "idna"
optional = false
python-versions = ">=2.7, !=3.0.*, !=3.1.*, !=3.2.*, !=3.3.*"
version = "2.8"

[[package]]
category = "dev"
description = "Read metadata from Python packages"
name = "importlib-metadata"
optional = false
python-versions = ">=2.7,!=3.0,!=3.1,!=3.2,!=3.3"
version = "0.18"

[package.dependencies]
zipp = ">=0.5"

[[package]]
category = "dev"
description = "IPython-enabled pdb"
name = "ipdb"
optional = false
python-versions = ">=2.7"
version = "0.12"

[package.dependencies]
setuptools = "*"

[package.dependencies.ipython]
python = ">=3.4"
version = ">=5.1.0"

[[package]]
category = "dev"
description = "IPython Kernel for Jupyter"
name = "ipykernel"
optional = false
python-versions = ">=3.4"
version = "5.1.1"

[package.dependencies]
ipython = ">=5.0.0"
jupyter-client = "*"
tornado = ">=4.2"
traitlets = ">=4.1.0"

[[package]]
category = "dev"
description = "IPython: Productive Interactive Computing"
name = "ipython"
optional = false
python-versions = ">=3.5"
version = "7.6.1"

[package.dependencies]
appnope = "*"
backcall = "*"
colorama = "*"
decorator = "*"
jedi = ">=0.10"
pexpect = "*"
pickleshare = "*"
prompt-toolkit = ">=2.0.0,<2.1.0"
pygments = "*"
setuptools = ">=18.5"
traitlets = ">=4.2"

[[package]]
category = "dev"
description = "Vestigial utilities from IPython"
name = "ipython-genutils"
optional = false
python-versions = "*"
version = "0.2.0"

[[package]]
category = "dev"
description = "An autocompletion tool for Python that can be used for text editors."
name = "jedi"
optional = false
python-versions = ">=2.7, !=3.0.*, !=3.1.*, !=3.2.*, !=3.3.*"
version = "0.14.1"

[package.dependencies]
parso = ">=0.5.0"

[[package]]
category = "dev"
description = "Jupyter protocol implementation and client libraries"
name = "jupyter-client"
optional = false
python-versions = ">=2.7, !=3.0.*, !=3.1.*, !=3.2.*, !=3.3.*, !=3.4.*"
version = "5.3.1"

[package.dependencies]
jupyter-core = "*"
python-dateutil = ">=2.1"
pyzmq = ">=13"
tornado = ">=4.1"
traitlets = "*"

[[package]]
category = "dev"
description = "Jupyter core package. A base package on which Jupyter projects rely."
name = "jupyter-core"
optional = false
python-versions = ">=2.7, !=3.0, !=3.1, !=3.2"
version = "4.5.0"

[package.dependencies]
traitlets = "*"

[[package]]
category = "dev"
description = "McCabe checker, plugin for flake8"
name = "mccabe"
optional = false
python-versions = "*"
version = "0.6.1"

[[package]]
category = "dev"
description = "More routines for operating on iterables, beyond itertools"
name = "more-itertools"
optional = false
python-versions = ">=3.4"
version = "7.1.0"

[[package]]
category = "dev"
description = "Optional static typing for Python"
name = "mypy"
optional = false
python-versions = "*"
version = "0.720"

[package.dependencies]
mypy-extensions = ">=0.4.0,<0.5.0"
typed-ast = ">=1.4.0,<1.5.0"
typing-extensions = ">=3.7.4"

[[package]]
category = "dev"
description = "Experimental type system extensions for programs checked with the mypy typechecker."
name = "mypy-extensions"
optional = false
python-versions = "*"
version = "0.4.1"

[[package]]
category = "main"
description = "A generic, spec-compliant, thorough implementation of the OAuth request-signing logic"
name = "oauthlib"
optional = false
python-versions = ">=2.7, !=3.0.*, !=3.1.*, !=3.2.*, !=3.3.*"
version = "3.0.2"

[[package]]
category = "dev"
description = "A Python Parser"
name = "parso"
optional = false
python-versions = "*"
version = "0.5.1"

[[package]]
category = "dev"
description = "Pexpect allows easy control of interactive console applications."
marker = "python_version >= \"3.4\" and sys_platform != \"win32\" or sys_platform != \"win32\""
name = "pexpect"
optional = false
python-versions = "*"
version = "4.7.0"

[package.dependencies]
ptyprocess = ">=0.5"

[[package]]
category = "dev"
description = "Tiny 'shelve'-like database with concurrency support"
name = "pickleshare"
optional = false
python-versions = "*"
version = "0.7.5"

[[package]]
category = "dev"
description = "plugin and hook calling mechanisms for python"
name = "pluggy"
optional = false
python-versions = ">=2.7, !=3.0.*, !=3.1.*, !=3.2.*, !=3.3.*"
version = "0.12.0"

[package.dependencies]
importlib-metadata = ">=0.12"

[[package]]
category = "dev"
description = "Library for building powerful interactive command lines in Python"
name = "prompt-toolkit"
optional = false
python-versions = "*"
version = "2.0.9"

[package.dependencies]
six = ">=1.9.0"
wcwidth = "*"

[[package]]
category = "dev"
description = "Run a subprocess in a pseudo terminal"
marker = "python_version >= \"3.4\" and sys_platform != \"win32\" or sys_platform != \"win32\""
name = "ptyprocess"
optional = false
python-versions = "*"
version = "0.6.0"

[[package]]
category = "dev"
description = "library with cross-python path, ini-parsing, io, code, log facilities"
name = "py"
optional = false
python-versions = ">=2.7, !=3.0.*, !=3.1.*, !=3.2.*, !=3.3.*"
version = "1.8.0"

[[package]]
category = "main"
description = "ASN.1 types and codecs"
name = "pyasn1"
optional = false
python-versions = "*"
version = "0.4.5"

[[package]]
category = "main"
description = "A collection of ASN.1-based protocols modules."
name = "pyasn1-modules"
optional = false
python-versions = "*"
version = "0.2.5"

[package.dependencies]
pyasn1 = ">=0.4.1,<0.5.0"

[[package]]
category = "dev"
description = "Python style guide checker"
name = "pycodestyle"
optional = false
python-versions = ">=2.7, !=3.0.*, !=3.1.*, !=3.2.*, !=3.3.*"
version = "2.5.0"

[[package]]
category = "dev"
description = "passive checker of Python programs"
name = "pyflakes"
optional = false
python-versions = ">=2.7, !=3.0.*, !=3.1.*, !=3.2.*, !=3.3.*"
version = "2.1.1"

[[package]]
category = "dev"
description = "Pygments is a syntax highlighting package written in Python."
name = "pygments"
optional = false
python-versions = ">=2.7, !=3.0.*, !=3.1.*, !=3.2.*, !=3.3.*, !=3.4.*"
version = "2.4.2"

[[package]]
category = "dev"
description = "pytest: simple powerful testing with Python"
name = "pytest"
optional = false
python-versions = ">=2.7, !=3.0.*, !=3.1.*, !=3.2.*, !=3.3.*"
version = "3.10.1"

[package.dependencies]
atomicwrites = ">=1.0"
attrs = ">=17.4.0"
colorama = "*"
more-itertools = ">=4.0.0"
pluggy = ">=0.7"
py = ">=1.5.0"
setuptools = "*"
six = ">=1.10.0"

[[package]]
category = "dev"
description = "Extensions to the standard Python datetime module"
name = "python-dateutil"
optional = false
python-versions = ">=2.7, !=3.0.*, !=3.1.*, !=3.2.*"
version = "2.8.0"

[package.dependencies]
six = ">=1.5"

[[package]]
category = "main"
description = "World timezone definitions, modern and historical"
name = "pytz"
optional = false
python-versions = "*"
version = "2019.1"

[[package]]
category = "dev"
description = "Python bindings for 0MQ"
name = "pyzmq"
optional = false
python-versions = ">=2.7,!=3.0*,!=3.1*,!=3.2*"
version = "18.0.2"

[[package]]
category = "main"
description = "Python HTTP for Humans."
name = "requests"
optional = false
python-versions = ">=2.7, !=3.0.*, !=3.1.*, !=3.2.*, !=3.3.*, !=3.4.*"
version = "2.22.0"

[package.dependencies]
certifi = ">=2017.4.17"
chardet = ">=3.0.2,<3.1.0"
idna = ">=2.5,<2.9"
urllib3 = ">=1.21.1,<1.25.0 || >1.25.0,<1.25.1 || >1.25.1,<1.26"

[[package]]
category = "main"
description = "OAuthlib authentication support for Requests."
name = "requests-oauthlib"
optional = false
python-versions = ">=2.7, !=3.0.*, !=3.1.*, !=3.2.*, !=3.3.*"
version = "1.2.0"

[package.dependencies]
oauthlib = ">=3.0.0"
requests = ">=2.0.0"

[[package]]
category = "main"
description = "Pure-Python RSA implementation"
name = "rsa"
optional = false
python-versions = "*"
version = "4.0"

[package.dependencies]
pyasn1 = ">=0.1.3"

[[package]]
category = "main"
description = "Python 2 and 3 compatibility utilities"
name = "six"
optional = false
python-versions = ">=2.6, !=3.0.*, !=3.1.*"
version = "1.12.0"

[[package]]
category = "main"
description = "A modern CSS selector implementation for Beautiful Soup."
name = "soupsieve"
optional = false
python-versions = "*"
version = "1.9.2"

[[package]]
category = "dev"
description = "Python Library for Tom's Obvious, Minimal Language"
name = "toml"
optional = false
python-versions = "*"
version = "0.10.0"

[[package]]
category = "dev"
description = "Tornado is a Python web framework and asynchronous networking library, originally developed at FriendFeed."
name = "tornado"
optional = false
python-versions = ">= 3.5"
version = "6.0.3"

[[package]]
category = "dev"
description = "Traitlets Python config system"
name = "traitlets"
optional = false
python-versions = "*"
version = "4.3.2"

[package.dependencies]
decorator = "*"
ipython-genutils = "*"
six = "*"

[[package]]
category = "dev"
description = "a fork of Python 2 and 3 ast modules with type comment support"
name = "typed-ast"
optional = false
python-versions = "*"
version = "1.4.0"

[[package]]
category = "dev"
description = "Type Hints for Python"
name = "typing"
optional = false
python-versions = "*"
version = "3.7.4"

[[package]]
category = "dev"
description = "Backported and Experimental Type Hints for Python 3.5+"
name = "typing-extensions"
optional = false
python-versions = "*"
version = "3.7.4"

[package.dependencies]
typing = ">=3.7.4"

[[package]]
category = "main"
description = "URI templates"
name = "uritemplate"
optional = false
python-versions = "*"
version = "3.0.0"

[[package]]
category = "main"
description = "HTTP library with thread-safe connection pooling, file post, and more."
name = "urllib3"
optional = false
python-versions = ">=2.7, !=3.0.*, !=3.1.*, !=3.2.*, !=3.3.*, <4"
version = "1.25.3"

[[package]]
category = "dev"
description = "Measures number of Terminal column cells of wide-character codes"
name = "wcwidth"
optional = false
python-versions = "*"
version = "0.1.7"

[[package]]
category = "dev"
description = "Backport of pathlib-compatible object wrapper for zip files"
name = "zipp"
optional = false
python-versions = ">=2.7"
version = "0.5.2"

[metadata]
content-hash = "82ce859ba52c8d5e80c7e7c605565c8c454d90bce692f28ead6af742372146ff"
python-versions = "^3.7"

[metadata.hashes]
appdirs = ["9e5896d1372858f8dd3344faf4e5014d21849c756c8d5701f78f8a103b372d92", "d8b24664561d0d34ddfaec54636d502d7cea6e29c3eaf68f3df6180863e2166e"]
appnope = ["5b26757dc6f79a3b7dc9fab95359328d5747fcb2409d331ea66d0272b90ab2a0", "8b995ffe925347a2138d7ac0fe77155e4311a0ea6d6da4f5128fe4b3cbe5ed71"]
atomicwrites = ["03472c30eb2c5d1ba9227e4c2ca66ab8287fbfbbda3888aa93dc2e28fc6811b4", "75a9445bac02d8d058d5e1fe689654ba5a6556a1dfd8ce6ec55a0ed79866cfa6"]
attrs = ["69c0dbf2ed392de1cb5ec704444b08a5ef81680a61cb899dc08127123af36a79", "f0b870f674851ecbfbbbd364d6b5cbdff9dcedbc7f3f5e18a6891057f21fe399"]
autopep8 = ["4d8eec30cc81bc5617dbf1218201d770dc35629363547f17577c61683ccfb3ee"]
backcall = ["38ecd85be2c1e78f77fd91700c76e14667dc21e2713b63876c0eb901196e01e4", "bbbf4b1e5cd2bdb08f915895b51081c041bac22394fdfcfdfbe9f14b77c08bf2"]
beautifulsoup4 = ["034740f6cb549b4e932ae1ab975581e6103ac8f942200a0e9759065984391858", "945065979fb8529dd2f37dbb58f00b661bdbcbebf954f93b32fdf5263ef35348", "ba6d5c59906a85ac23dadfe5c88deaf3e179ef565f4898671253e50a78680718"]
black = ["817243426042db1d36617910df579a54f1afd659adb96fc5032fcf4b36209739", "e030a9a28f542debc08acceb273f228ac422798e5215ba2a791a6ddeaaca22a5"]
bs4 = ["36ecea1fd7cc5c0c6e4a1ff075df26d50da647b75376626cc186e2212886dd3a"]
cachetools = ["428266a1c0d36dc5aca63a2d7c5942e88c2c898d72139fca0e97fdd2380517ae", "8ea2d3ce97850f31e4a08b0e2b5e6c34997d7216a9d2c98e0f3978630d4da69a"]
certifi = ["046832c04d4e752f37383b628bc601a7ea7211496b4638f6514d0e5b9acc4939", "945e3ba63a0b9f577b1395204e13c3a231f9bc0223888be653286534e5873695"]
chardet = ["84ab92ed1c4d4f16916e05906b6b75a6c0fb5db821cc65e70cbd64a3e2a5eaae", "fc323ffcaeaed0e0a02bf4d117757b98aed530d9ed4531e3e15460124c106691"]
click = ["2335065e6395b9e67ca716de5f7526736bfa6ceead690adf616d925bdc622b13", "5b94b49521f6456670fdb30cd82a4eca9412788a93fa6dd6df72c94d5a8ff2d7"]
colorama = ["05eed71e2e327246ad6b38c540c4a3117230b19679b875190486ddd2d721422d", "f8ac84de7840f5b9c4e3347b3c1eaa50f7e49c2b07596221daec5edaabbd7c48"]
decorator = ["86156361c50488b84a3f148056ea716ca587df2f0de1d34750d35c21312725de", "f069f3a01830ca754ba5258fde2278454a0b5b79e0d7f5c13b3b97e57d4acff6"]
entrypoints = ["589f874b313739ad35be6e0cd7efde2a4e9b6fea91edcc34e58ecbb8dbe56d19", "c70dd71abe5a8c85e55e12c19bd91ccfeec11a6e99044204511f9ed547d48451"]
flake8 = ["19241c1cbc971b9962473e4438a2ca19749a7dd002dd1a946eaba171b4114548", "8e9dfa3cecb2400b3738a42c54c3043e821682b9c840b0448c0503f781130696"]
google-api-python-client = ["048da0d68564380ee23b449e5a67d4666af1b3b536d2fb0a02cee1ad540fa5ec", "5def5a485b1cbc998b8f869456c7bde0c0e6d3d0a5ea1f300b5ef57cb4b1ce8f"]
google-auth = ["0f7c6a64927d34c1a474da92cfc59e552a5d3b940d3266606c6a28b72888b9e4", "20705f6803fd2c4d1cc2dcb0df09d4dfcb9a7d51fd59e94a3a28231fd93119ed"]
google-auth-httplib2 = ["098fade613c25b4527b2c08fa42d11f3c2037dda8995d86de0745228e965d445", "f1c437842155680cf9918df9bc51c1182fda41feef88c34004bd1978c8157e08"]
google-auth-oauthlib = ["6a8b0072048940d1f41c23c03576867e577e826fec140a1c7e148ec486e083ba", "904d72541fc92adb2026767dd364ab3a51f6e893d64b13cdc6acbd580c841468"]
httplib2 = ["158fbd0ffbba536829d664bf3f32c4f45df41f8f791663665162dfaf21ffd075", "d1146939d270f1f1eb8cbf8f5aa72ff37d897faccca448582bb1e180aeb4c6b2"]
idna = ["c357b3f628cf53ae2c4c05627ecc484553142ca23264e593d327bcde5e9c3407", "ea8b7f6188e6fa117537c3df7da9fc686d485087abf6ac197f9c46432f7e4a3c"]
importlib-metadata = ["6dfd58dfe281e8d240937776065dd3624ad5469c835248219bd16cf2e12dbeb7", "cb6ee23b46173539939964df59d3d72c3e0c1b5d54b84f1d8a7e912fe43612db"]
ipdb = ["dce2112557edfe759742ca2d0fee35c59c97b0cc7a05398b791079d78f1519ce"]
ipykernel = ["346189536b88859937b5f4848a6fd85d1ad0729f01724a411de5cae9b618819c", "f0e962052718068ad3b1d8bcc703794660858f58803c3798628817f492a8769c"]
ipython = ["11067ab11d98b1e6c7f0993506f7a5f8a91af420f7e82be6575fcb7a6ca372a0", "60bc55c2c1d287161191cc2469e73c116d9b634cff25fe214a43cba7cec94c79"]
ipython-genutils = ["72dd37233799e619666c9f639a9da83c34013a73e8bbc79a7a6348d93c61fab8", "eb2e116e75ecef9d4d228fdc66af54269afa26ab4463042e33785b887c628ba8"]
jedi = ["53c850f1a7d3cfcd306cc513e2450a54bdf5cacd7604b74e42dd1f0758eaaf36", "e07457174ef7cb2342ff94fa56484fe41cec7ef69b0059f01d3f812379cb6f7c"]
jupyter-client = ["73a809a2964afa07adcc1521537fddb58c2ffbb7e84d53dc5901cf80480465b3", "98e8af5edff5d24e4d31e73bc21043130ae9d955a91aa93fc0bc3b1d0f7b5880"]
jupyter-core = ["2c6e7c1e9f2ac45b5c2ceea5730bc9008d92fe59d0725eac57b04c0edfba24f7", "f4fa22d6cf25f34807c995f22d2923693575c70f02557bcbfbe59bd5ec8d8b84"]
mccabe = ["ab8a6258860da4b6677da4bd2fe5dc2c659cff31b3ee4f7f5d64e79735b80d42", "dd8d182285a0fe56bace7f45b5e7d1a6ebcbf524e8f3bd87eb0f125271b8831f"]
more-itertools = ["3ad685ff8512bf6dc5a8b82ebf73543999b657eded8c11803d9ba6b648986f4d", "8bb43d1f51ecef60d81854af61a3a880555a14643691cc4b64a6ee269c78f09a"]
mypy = ["0107bff4f46a289f0e4081d59b77cef1c48ea43da5a0dbf0005d54748b26df2a", "07957f5471b3bb768c61f08690c96d8a09be0912185a27a68700f3ede99184e4", "10af62f87b6921eac50271e667cc234162a194e742d8e02fc4ddc121e129a5b0", "11fd60d2f69f0cefbe53ce551acf5b1cec1a89e7ce2d47b4e95a84eefb2899ae", "15e43d3b1546813669bd1a6ec7e6a11d2888db938e0607f7b5eef6b976671339", "352c24ba054a89bb9a35dd064ee95ab9b12903b56c72a8d3863d882e2632dc76", "437020a39417e85e22ea8edcb709612903a9924209e10b3ec6d8c9f05b79f498", "49925f9da7cee47eebf3420d7c0e00ec662ec6abb2780eb0a16260a7ba25f9c4", "6724fcd5777aa6cebfa7e644c526888c9d639bd22edd26b2a8038c674a7c34bd", "7a17613f7ea374ab64f39f03257f22b5755335b73251d0d253687a69029701ba", "cdc1151ced496ca1496272da7fc356580e95f2682be1d32377c22ddebdf73c91"]
mypy-extensions = ["37e0e956f41369209a3d5f34580150bcacfabaa57b33a15c0b25f4b5725e0812", "b16cabe759f55e3409a7d231ebd2841378fb0c27a5d1994719e340e4f429ac3e"]
oauthlib = ["40a63637707e9163eda62d0f5345120c65e001a790480b8256448543c1f78f66", "b4d99ae8ccfb7d33ba9591b59355c64eef5241534aa3da2e4c0435346b84bc8e"]
parso = ["63854233e1fadb5da97f2744b6b24346d2750b85965e7e399bec1620232797dc", "666b0ee4a7a1220f65d367617f2cd3ffddff3e205f3f16a0284df30e774c2a9c"]
pexpect = ["2094eefdfcf37a1fdbfb9aa090862c1a4878e5c7e0e7e7088bdb511c558e5cd1", "9e2c1fd0e6ee3a49b28f95d4b33bc389c89b20af6a1255906e90ff1262ce62eb"]
pickleshare = ["87683d47965c1da65cdacaf31c8441d12b8044cdec9aca500cd78fc2c683afca", "9649af414d74d4df115d5d718f82acb59c9d418196b7b4290ed47a12ce62df56"]
pluggy = ["0825a152ac059776623854c1543d65a4ad408eb3d33ee114dff91e57ec6ae6fc", "b9817417e95936bf75d85d3f8767f7df6cdde751fc40aed3bb3074cbcb77757c"]
prompt-toolkit = ["11adf3389a996a6d45cc277580d0d53e8a5afd281d0c9ec71b28e6f121463780", "2519ad1d8038fd5fc8e770362237ad0364d16a7650fb5724af6997ed5515e3c1", "977c6583ae813a37dc1c2e1b715892461fcbdaa57f6fc62f33a528c4886c8f55"]
ptyprocess = ["923f299cc5ad920c68f2bc0bc98b75b9f838b93b599941a6b63ddbc2476394c0", "d7cc528d76e76342423ca640335bd3633420dc1366f258cb31d05e865ef5ca1f"]
py = ["64f65755aee5b381cea27766a3a147c3f15b9b6b9ac88676de66ba2ae36793fa", "dc639b046a6e2cff5bbe40194ad65936d6ba360b52b3c3fe1d08a82dd50b5e53"]
pyasn1 = ["061442c60842f6d11051d4fdae9bc197b64bd41573a12234a753a0cb80b4f30b", "0ee2449bf4c4e535823acc25624c45a8b454f328d59d3f3eeb82d3567100b9bd", "5f9fb05c33e53b9a6ee3b1ed1d292043f83df465852bec876e93b47fd2df7eed", "65201d28e081f690a32401e6253cca4449ccacc8f3988e811fae66bd822910ee", "79b336b073a52fa3c3d8728e78fa56b7d03138ef59f44084de5f39650265b5ff", "8ec20f61483764de281e0b4aba7d12716189700debcfa9e7935780850bf527f3", "9458d0273f95d035de4c0d5e0643f25daba330582cc71bb554fe6969c015042a", "98d97a1833a29ca61cd04a60414def8f02f406d732f9f0bcb49f769faff1b699", "b00d7bfb6603517e189d1ad76967c7e805139f63e43096e5f871d1277f50aea5", "b06c0cfd708b806ea025426aace45551f91ea7f557e0c2d4fbd9a4b346873ce0", "d14d05984581770333731690f5453efd4b82e1e5d824a1d7976b868a2e5c38e8", "da2420fe13a9452d8ae97a0e478adde1dee153b11ba832a95b223a2ba01c10f7", "da6b43a8c9ae93bc80e2739efb38cc776ba74a886e3e9318d65fe81a8b8a2c6e"]
pyasn1-modules = ["230730c6e63d283df75459b1b791d73648f801fd46ffcc9eb1abd16c67dfa3a6", "27f09b212203f820bc982937bd41952e856610dbd7c48d9366e8e63a551824c8", "490ed2974883c6e3d0ee53f53b32427f29ea030345c11d690788d1ed31ed666b", "49663b587853cd8783427d2fd115c862916bdd3c01656a8110ecd1950699e28f", "4df864e4dd01e600ffe280191a6630bb5b86d46382c1bcec4d03a700cb35c8b9", "6eeef742c31e285c23ebef32d8e0fee5e4ee1a563bb5171684621165b7e65627", "d1c66c80615ee74b1f3867d31b14e81f5f961a0e1afe5429838f21b5065d0161", "d7aa971a8cd79482ec5ae98705b54fdfaf834c24ed93ebc83f422c7700412b47", "e573fcf31e72c2ede48a58c8559fe9083cd007623c99a3eaf0c8f5719c09a2f8", "e980f089e3ec8116d6a5154c80f002ca941ad3446b5048a5b6d225f24ded85bb", "ef721f68f7951fab9b0404d42590f479e30d9005daccb1699b0a51bb4177db96", "f01c6899938f635b2ff4d158e760625416e20f03c612cfc9da7e97798c84e916", "f309b6c94724aeaf7ca583feb1cc70430e10d7551de5e36edfc1ae6909bcfb3c"]
pycodestyle = ["95a2219d12372f05704562a14ec30bc76b05a5b297b21a5dfe3f6fac3491ae56", "e40a936c9a450ad81df37f549d676d127b1b66000a6c500caa2b085bc0ca976c"]
pyflakes = ["17dbeb2e3f4d772725c777fabc446d5634d1038f234e77343108ce445ea69ce0", "d976835886f8c5b31d47970ed689944a0262b5f3afa00a5a7b4dc81e5449f8a2"]
pygments = ["71e430bc85c88a430f000ac1d9b331d2407f681d6f6aec95e8bcfbc3df5b0127", "881c4c157e45f30af185c1ffe8d549d48ac9127433f2c380c24b84572ad66297"]
pytest = ["3f193df1cfe1d1609d4c583838bea3d532b18d6160fd3f55c9447fdca30848ec", "e246cf173c01169b9617fc07264b7b1316e78d7a650055235d6d897bc80d9660"]
python-dateutil = ["7e6584c74aeed623791615e26efd690f29817a27c73085b78e4bad02493df2fb", "c89805f6f4d64db21ed966fda138f8a5ed7a4fdbc1a8ee329ce1b74e3c74da9e"]
pytz = ["303879e36b721603cc54604edcac9d20401bdbe31e1e4fdee5b9f98d5d31dfda", "d747dd3d23d77ef44c6a3526e274af6efeb0a6f1afd5a69ba4d5be4098c8e141"]
pyzmq = ["00dd015159eaeb1c0731ad49310e1f5d839c9a35a15e4f3267f5052233fad99b", "03913b6beb8e7b417b9910b0ee1fd5d62e9626d218faefbe879d70714ceab1a2", "13f17386df81d5e6efb9a4faea341d8de22cdc82e49a326dded26e33f42a3112", "16c6281d96885db1e15f7047ddc1a8f48ff4ea35d31ca709f4d2eb39f246d356", "17efab4a804e31f58361631256d660214204046f9e2b962738b171b9ad674ea7", "2b79919ddeff3d3c96aa6087c21d294c8db1c01f6bfeee73324944683685f419", "2f832e4711657bb8d16ea1feba860f676ec5f14fb9fe3b449b5953a60e89edae", "31a11d37ac73107363b47e14c94547dbfc6a550029c3fe0530be443199026fc2", "33a3e928e6c3138c675e1d6702dd11f6b7050177d7aab3fc322db6e1d2274490", "34a38195a6d3a9646cbcdaf8eb245b4d935c7a57f7e1b3af467814bc1a92467e", "42900054f1500acef6df7428edf806abbf641bf92eb9ceded24aa863397c3bae", "4ccc7f3c63aa9d744dadb62c49eda2d0e7de55649b80c45d7c684d70161a69af", "5b220c37c346e6575db8c88a940c1fc234f99ce8e0068c408919bb8896c4b6d2", "6074848da5c8b44a1ca40adf75cf65aa92bc80f635e8249aa8f37a69b2b9b6f5", "61a4155964bd4a14ef95bf46cb1651bcf8dcbbed8c0108e9c974c1fcbb57788f", "62b5774688326600c52f587f7a033ca6b6284bef4c8b1b5fda32480897759eac", "65a9ffa4f9f085d696f16fd7541f34b3c357d25fe99c90e3bce2ea59c3b5b4b6", "76a077d2c30f8adc5e919a55985a784b96aeca69b53c1ea6fd5723d3ae2e6f53", "8e5b4c51557071d6379d6dc1f54f35e9f6a137f5e84e102efb869c8d3c13c8ff", "917f73e07cc04f0678a96d93e7bb8b1adcccdde9ccfe202e622814f4d1d1ecfd", "91c75d3c4c357f9643e739db9e79ab9681b2f6ae8ec5678d6ef2ea0d01532596", "923dd91618b100bb4c92ab9ed7b65825a595b8524a094ce03c7cb2aaae7d353b", "9849054e0355e2bc7f4668766a25517ba76095031c9ff5e39ae8949cee5bb024", "c9d453933f0e3f44b9759189f2a18aa765f7f1a4345c727c18ebe8ad0d748d26", "cb7514936277abce64c2f4c56883e5704d85ed04d98d2d432d1c6764003bb003"]
requests = ["11e007a8a2aa0323f5a921e9e6a2d7e4e67d9877e85773fba9ba6419025cbeb4", "9cf5292fcd0f598c671cfc1e0d7d1a7f13bb8085e9a590f48c010551dc6c4b31"]
requests-oauthlib = ["bd6533330e8748e94bf0b214775fed487d309b8b8fe823dc45641ebcd9a32f57", "d3ed0c8f2e3bbc6b344fa63d6f933745ab394469da38db16bdddb461c7e25140", "dd5a0499abfefd087c6dd96693cbd5bfd28aa009719a7f85ab3fabe3956ef19a"]
rsa = ["14ba45700ff1ec9eeb206a2ce76b32814958a98e372006c8fb76ba820211be66", "1a836406405730121ae9823e19c6e806c62bbad73f890574fff50efa4122c487"]
six = ["3350809f0555b11f552448330d0b52d5f24c91a322ea4a15ef22629740f3761c", "d16a0141ec1a18405cd4ce8b4613101da75da0e9a7aec5bdd4fa804d0e0eba73"]
soupsieve = ["72b5f1aea9101cf720a36bb2327ede866fd6f1a07b1e87c92a1cc18113cbc946", "e4e9c053d59795e440163733a7fec6c5972210e1790c507e4c7b051d6c5259de"]
toml = ["229f81c57791a41d65e399fc06bf0848bab550a9dfd5ed66df18ce5f05e73d5c", "235682dd292d5899d361a811df37e04a8828a5b1da3115886b73cf81ebc9100e", "f1db651f9657708513243e61e6cc67d101a39bad662eaa9b5546f789338e07a3"]
tornado = ["349884248c36801afa19e342a77cc4458caca694b0eda633f5878e458a44cb2c", "398e0d35e086ba38a0427c3b37f4337327231942e731edaa6e9fd1865bbd6f60", "4e73ef678b1a859f0cb29e1d895526a20ea64b5ffd510a2307b5998c7df24281", "559bce3d31484b665259f50cd94c5c28b961b09315ccd838f284687245f416e5", "abbe53a39734ef4aba061fca54e30c6b4639d3e1f59653f0da37a0003de148c7", "c845db36ba616912074c5b1ee897f8e0124df269468f25e4fe21fe72f6edd7a9", "c9399267c926a4e7c418baa5cbe91c7d1cf362d505a1ef898fde44a07c9dd8a5"]
traitlets = ["9c4bd2d267b7153df9152698efb1050a5d84982d3384a37b2c1f7723ba3e7835", "c6cb5e6f57c5a9bdaa40fa71ce7b4af30298fbab9ece9815b5d995ab6217c7d9"]
typed-ast = ["18511a0b3e7922276346bcb47e2ef9f38fb90fd31cb9223eed42c85d1312344e", "262c247a82d005e43b5b7f69aff746370538e176131c32dda9cb0f324d27141e", "2b907eb046d049bcd9892e3076c7a6456c93a25bebfe554e931620c90e6a25b0", "354c16e5babd09f5cb0ee000d54cfa38401d8b8891eefa878ac772f827181a3c", "4e0b70c6fc4d010f8107726af5fd37921b666f5b31d9331f0bd24ad9a088e631", "630968c5cdee51a11c05a30453f8cd65e0cc1d2ad0d9192819df9978984529f4", "66480f95b8167c9c5c5c87f32cf437d585937970f3fc24386f313a4c97b44e34", "71211d26ffd12d63a83e079ff258ac9d56a1376a25bc80b1cdcdf601b855b90b", "95bd11af7eafc16e829af2d3df510cecfd4387f6453355188342c3e79a2ec87a", "bc6c7d3fa1325a0c6613512a093bc2a2a15aeec350451cbdf9e1d4bffe3e3233", "cc34a6f5b426748a507dd5d1de4c1978f2eb5626d51326e43280941206c209e1", "d755f03c1e4a51e9b24d899561fec4ccaf51f210d52abdf8c07ee2849b212a36", "d7c45933b1bdfaf9f36c579671fec15d25b06c8398f113dab64c18ed1adda01d", "d896919306dd0aa22d0132f62a1b78d11aaf4c9fc5b3410d3c666b818191630a", "ffde2fbfad571af120fcbfbbc61c72469e72f550d676c3342492a9dfdefb8f12"]
typing = ["38566c558a0a94d6531012c8e917b1b8518a41e418f7f15f00e129cc80162ad3", "53765ec4f83a2b720214727e319607879fec4acde22c4fbb54fa2604e79e44ce", "84698954b4e6719e912ef9a42a2431407fe3755590831699debda6fba92aac55"]
typing-extensions = ["2ed632b30bb54fc3941c382decfd0ee4148f5c591651c9272473fea2c6397d95", "b1edbbf0652660e32ae780ac9433f4231e7339c7f9a8057d0f042fcbcea49b87", "d8179012ec2c620d3791ca6fe2bf7979d979acdbef1fca0bc56b37411db682ed"]
uritemplate = ["01c69f4fe8ed503b2951bef85d996a9d22434d2431584b5b107b2981ff416fbd", "1b9c467a940ce9fb9f50df819e8ddd14696f89b9a8cc87ac77952ba416e0a8fd", "c02643cebe23fc8adb5e6becffe201185bf06c40bda5c0b4028a93f1527d011d"]
urllib3 = ["b246607a25ac80bedac05c6f282e3cdaf3afb65420fd024ac94435cabe6e18d1", "dbe59173209418ae49d485b87d1681aefa36252ee85884c31346debd19463232"]
wcwidth = ["3df37372226d6e63e1b1e1eda15c594bca98a22d33a23832a90998faa96bc65e", "f4ebe71925af7b40a864553f761ed559b43544f8f71746c2d756c7fe788ade7c"]
zipp = ["4970c3758f4e89a7857a973b1e2a5d75bcdc47794442f2e2dd4fe8e0466e809a", "8a5712cfd3bb4248015eb3b0b3c54a5f6ee3f2425963ef2a0125b8bc40aafaec"]
